<mxfile host="app.diagrams.net" modified="2022-01-03T18:24:28.369Z" agent="5.0 (X11; Linux x86_64) AppleWebKit/537.36 (KHTML, like Gecko) Chrome/96.0.4664.110 Safari/537.36" etag="snBfKJcMIiaHb3662nEB" version="16.1.0" type="device"><diagram id="C5RBs43oDa-KdzZeNtuy" name="Page-1">7V1dV6O8Fv41XeucC7sgAUova/0YZ3Rex1adeW9cFNKWkUIHqLXn158EAoUkIK1AdVTXsjQJAbKf/ZEnO9iBw8XzuW8s51eehZwOkKznDjzpAKArffyXFGzigp6uxAUz37biInlbMLL/h2ihREtXtoWCXMPQ85zQXuYLTc91kRnmygzf99b5ZlPPyV91acwQVzAyDYcvvbetcE4fC/S25V+QPZsnV5Y1+sALI2lMnySYG5a3zhTB0w4c+p4XxkeL5yFyyNgl43J/sbl3Lh+1868/gj/G7fG38fe7o7izs11OSR/BR264f9fq8fDSefi93IDVr7Pv19/sxzk9RXoynBUdrw7QHHyR46mHr4UfOtzQkdT+rLyk4iiI5DzADWR9+bytxEcz+hn1MkkKRuMrCM4UqXd3ntThW52w7XFZfOGkGOTuAfjeyrUQeSIZV6/ndohGS8MktWsMX1w2DxcOrZ7ajjP0HM+PzoWWinRLweVB6HuPKFOjgwnUtPR6Lw40FcgT8kP0nIEZHfhz5C1Q6G9wE1oLdLUrq/FZVI+ARsd+vUVlqjTzDCLThgbVhFna/Vba+IAKfAfhA4HwmfHGmF+Sw6mDngdEG/EgIdeihyemYwSBbUZjavghX5yRxlZ0EkURNRayHnWKn+gnqeyqUE0KfpHqriTBpODkmZ4ff9tkv10j38YDg/zkEnnxTwxTt6BI/AAqimrtLH78xDMUlowvlRuychaKB0kGAbIkQEBa6CPHCO2nvGUTwYJe49qzIyWmKIT9HotCTWLAFXgr30T0xKw1YfpSJA7Rqsr0FQ8Q11eE1fTx94cv5OA7/OcKF1x7fsgBGStqmMej4dgzl4AVC5tg5pios40dx4BWLGzLIqcf+wibO2MSdUWAtSRPFD2jetxRT0hfq9ALKJo5hLmeixg4JkWMErRoflSFNz9C8MGmrI/Kie8CDOGn4LKCUwHvN/q84NQ25dZ7S17j2Q5/0pbk+FfkQABMvm/dBfmyyXxp21nEdvUdOQu1x0EP9vd0FhrvLCBo11norw90lUqB7vHVKdCltNhPyscdgO9c+kIe2bWIm2ovDma0hsH6VDeRaYqwPtFVRZUatG8CYICeWs0x6WpDBk7mJ0VjI3jEJa6xiMGgGQsyxu4kIB8jYsUeJgsUCz5X9/78mdKkP9N4eauCQEQXzYOacmiyzMn7BpmImE4gWUZoENrB9xb4I1HuWIVZFWdlH8aowVKLjT/hFFxjhhYosji2O/X8BbbRnvuJkly4qkmF85TsbFkToESpASX67d2J2n+6f/z3x5NiucensxNUwpRwxvt1HmVwhX0jKHQEIp9R6ByknUmSqUp+6b1myuMfkZPQop92nYQigEO/LBiqHQ4VuJNaIt4tL5LlRKRuSpEUMSJJZNyVZJiLjntQ2Tk6bibWzRIoZTq3S0wsmgqp9UTEimAWzTqlqhGxCnlM9xqLiIWDy9Mn18NEgG/cETVlaRSVl4qAJ1Eaik6EYlIK/U6wNFyhmzHj0SIuxp9N/kPilXjykTn6LzkkIylFTmlqLGxnE5+ThjHE7BNbMUfOEyIi5mrynbCeLVcX3yWpdEnU4+Sr13QoSb0S32dU6aAQg+wIP6ppuzPh+QShRxSUpJriMldtY4vq0u6lzK1FlaFvuAEJxZLuXZQ2WHu+lb969vSJYT7OInt9xIw5NhbpWAOyhJYcq5mRt+xg6Rh01G3XsTMXnjqeEWZviA0TqkxJBlcA5kKJGDIFYQNV9R0mky1PFaBoaihy+3VwX0fL3lgN5pfGt+nk93Xwq7c4m1UJAke4VBoaPpniLzxr5SABF0AQh3EatbFN38Of5Dy2HQTnE+E0Y5cYcI+FMgPpUyEhoJk6mkwblDqUulL2B+QAIOI+ZSCK+xpDAD9XrBb3ZUY7Cc1oEJcEZqVB2f4BWBmO30hgJbNCh3kXvG+Q1Wf6zXfLravWF28Jx5yfMWBrJt29wYirKeWW8USuTCACJgg2FGoJJcRHxDXpdvlyxF+t2+UGXWHtdD2qrbAsUMOqzcfo599PPpBivyAN2N4USigefqWZk01jK5Ypf3MkZfNY6EKl8gKLU0TOFZNwBSuiaqkFEqbPNGOW3l3SzJEsK12dIQX2jUiO1H63n/3Rc/1WXRTF+DM2mWbUGjRg2TROdUbXFx+cJZL7ZGZaHMb0+Vlqq+ZOtNS9YxjD2DChTalgUhK7J8sMea3uldDXvEUStuu/qYBK5nkRRd7THAnywqCutxo69TmwDkcPo5OH4eDmLUZQLZoZkXCUirkRddiW58X68cSYbwY/dSe43oy/9pSRgACDXRhPY6Vjg3C1G97YOI69DNDONNQbXIpM+Kdk+UfmI1sxH8VqaG0CqYGPEhv7XdipokXKHpTbtfNlmG0i8mxy4izzq4375t9B3meoFafIxaFmgXtSudwNRc1tTMEHcaf7+hGhkHl27e54MP70IBWWM0UgbsyBvDuOrcykvBFTIfdK+ReNVfWqZkOgy1pzezyEA/3RmTVZLZ1rai1SaxcmGHxFvZ//fh8ptuP9ds3BF+GCaFvUmlAHqwrhcISSAuXCvYA778IS9MWmvNWnoUIE8AHo5RD/lSC+yQiL7PL1xeVFHyo8h/SaFevpFGniFPZYa1K0cJq3P14SJ9tXcuMvWqLWNQGc6pgSCCXCh0Kj6wteLw9vNAtDofqllMY9iZaAAxtOUVrXp+EsnxFp+TBHrseGvtBty+aUX6u6tl0835KmWE3IqxNW5jwwfYRcUWLQR1bxNFegRMWF5ExjOs4vnryYusnmUYJqL1eIsv1uBzfjhzgtsHhjWcYPT/EF/qzQiiQdzg2CsWizS3ThpR/riB2W5p+V5hPu5NCL954V7VZrCkeCPbd9ScC7iqBUx6sahFASbbptEEqjubd+uKH7loJqeCLnREY+WPkBOUn6Z3Qo8KQv9Ch6BUhT4MFRXVdWChd4ez2BTRIxA+xegNqAVLwPthEg3YyH1dBzgwyrw263y5z9cRAEmBSBXg5BughBrZoifsWuUQSl22orgOgKGdj4EH9WvNv64wBJYpyY4IVD7SJHsLG6Uehw2x+qQodi5svHw4zCMb4YRgfHDc8x/bg9vT19IBHqIphxox+s7YVjRLON4i0MRZsemhpbyG/561ddP2ZZ9/qGlieLmg0sk8yOKjp572O1IZNeFITb2MAmd7XdNdPFf+89/zGIhhGPIpDOBuOzg4WeljbRVIHuTqdT0Oi8RbBrXha9ZK5l3a1hwa/mHdGd6llsndcwZfl1xLJpXTY1ocQCHmp9Md1tn5gt1hxVXq5QmY4qkmu7JiFA5oZ1GgoVUoDsA8Jc+1dnLIhlWoECbjFPc0dtaloz9HehGSxwZGnfVEzIqkbF3Wm7qgbQxSpYnCJ6CNWosGPj4zqN/rtQDTZXcjuP2Fk1ZAaCekOqwdxxv/+CarDtW1EN0aLCp9dgGIZ3pxss31tZNxS2p1dvIarq6fRy7ThMTFXh5aQfWDsEL64uXrg82GyjV1dMlb6daceYqjY0trzYcjk8eRAkCJSTLOPkJYWGRSiUpY+CAKOf/EMGz7ds1yBWQbLJYnGc2JW2+GDcKGuzZREvqm33irZCryQIbxFiVV9IIwRDUdJBPuOgVsAcLpGA9c1CxLTKxoG/lUnHY1sxRaMxKh3Uz3T+TbFHVULnwLuu2OADJLjamesEbE8S01PD0Qeon1/8i0gUUDUWzvyrp0MEwyrrQ9jXnr8BPOKv2/+CFTff/isxePp/</diagram></mxfile>