<mxfile host="app.diagrams.net" modified="2022-01-03T17:35:54.376Z" agent="5.0 (X11; Linux x86_64) AppleWebKit/537.36 (KHTML, like Gecko) Chrome/96.0.4664.110 Safari/537.36" etag="S23aajYCaNvCEQRqR5Yz" version="16.1.0" type="device"><diagram id="C5RBs43oDa-KdzZeNtuy" name="Page-1">7Vxtd6I6EP41nnPvBz1AEsSPvrTd7ra97trty37piRCVLYILWPX++ptAQCCRqiuuva09p+IkBMg8M/PMJFoD3enywsezybVnEaemKdayBno1TYMKpP+ZYBULQBPEgrFvW7FIXQsG9r+ECxUundsWCXIdQ89zQnuWF5qe6xIzzMmw73uLfLeR5+SvOsNjIggGJnZE6b1thZNYamjNtfwTsceT5Mqq3opbpjjpzJ8kmGDLW2RE4KwGur7nhfHRdNklDpu7ZF7uL1f3ztWzfvH5a/ALf+98ub25q8eDne9ySvoIPnHD/YdGne6V8/RzttLmj+c3/S/284SforxgZ87nq6bpDr1IZ+TRa9GHDld8JvVfcy9pqAeRntu0g2rMlutGejTm79Eow0QwuL0G2jlUmncXSRu91WGxP5XFF07EWu4eNN+buxZhT6TS5sXEDslghk3WuqDwpbJJOHV488h2nK7neH50LrAQMSxI5UHoe88k02JoQ6Dr6fVenWiukBfih2SZgRmf+AviTUnor2gX3qoZqKGi+CxuR5rO536xRmVqNJMMItOOmFvCOB1+rW16wBW+g/I1ifIL800xP2OHI4cs28wa6SQR1+KHPdPBQWCb0ZxiPxTFGW2sVadwFHFnoRrRoPSJHlhjAwGUCB5Zc0NRQCLoLfn58adV9lOf+DadGOInl8irf4hNwwIy9WsAQmTtrH76xGMSlswv1xuxch5KBEkGAaoiQUAq9ImDQ/sl79lksODX6Ht2ZMQchaDVLKJQVwrgCry5bxJ+YtabFMaCioBohApjxRMkjBVhNX38/eELBPh2/7mmgr7nhwKQqaGGeTxixx67DKxU2QwzHWbONg0cbd4wtS2Lnd7xCXV3eBgNxYA1Y08UPSPq1FCPjTUPvYCjWUCY67mkAMdEVDCCI7ofBEX3IwUfqMr7IEF9l1oXfCguqzikiXGjJSoOHVNvzVOKGks7fOA92fFjFEA0kHxehwv2YZX5cOxgEfvVNxQsUFOAHmjtGSx0MVgA7bjBwvh9ogu3Irqd6zPNUFKxn8hvaxq9c+UTe2TXYmHqeDy4YDUFrI8Mk5imDOtDA0GkVOjfJMDQmmi7wGSgihycKiZFtzh4phIXT2Mw6HjK5tgdBuxtwLzY03BKYsXn2t5ePINVxjNd1DeSEBFDlgdVFdBUVdD3N2IS5jo1xcIhZmUH35vSt8S4YxMumnhR92GMGqq12PmzmoKLx2RKIo9juyPPn1If7bkfKMnRVV3ZmKdks2VdghJ4AJQY3+96qPVy//zj6wu03M7ZuEdKKiWC8/69iNK+prFR2xgIZDFjY3BQdi6SjBD74/eakccvWZDQo9dxgwSUwKFVRoYODoctaicHYbzruki2JqI00hLJpopIwowbigpy7LgJ4M7suBqumy2glNncLpxYlgqhwzBiKMmii0FpW0aMgIjpZmWMWDq5Yvmk300UeOKBqCpPA5GoFUmdBFbETqRqghvjTjDDrjTMmPFssRDjj4d/Mb4SJx+Zo7/ZIZtJJQpKIzy1nVV8TkpjmNtnvmJCnBfCVCy05AcpRrZcW3yXrNFlrMfJNy/4VLJ2GN9n1OiQkIKsTh/VtN2x9HyG0DoHJWvmuMw129Sjunx4JXNrUWPoYzdgVCwZ3iVph4XnW/mrZ08fYvN5HPnremHOqbNI51qDrfUxysy8ZQczB/NZt13Hzlx45Hg4zN5QkSZsk5K0rzWQoxIxZDbQBm7qOySTR04VgCw1lIX9Q9S+6rPmLQomV/jLaPizHzw2p+fjbUjggEqVLvZZij/1rLlDJLUAhjiK06iPbfoefWfnFfsB7WIoTTN24YB7LJRhYoykBQHdNMhwVKHWgdJQsi8tBwBZ7VPVZLyvMgSIueJ2vC8z2wk14yQuIWalpGx/AlaG4xMhVmpR6SAfgvclWa3CuPlhhXXVw/Et6ZyLGQP1ZsrdCTKuqoxbpYlcmUIklSBQEdWSakhkxAey7fLliP+1bZc7dFj004cxbVisAlVs2iJHv7jpvSPDfkUb4HgplFQ94kqzoJvKVizT+k1dye5j4QuV8JUqzqbi3OYi3IYVUVTqgaTbZ6pxS29u00xdVWHDKBQF9mUkddRqtLIvIzfutouiFH94lenGvUEFnk0XTGfQv3znVSK1xTLTzTSmJWapR3V3sqXuHWlMwYdJfcoWLiXxe6paKF6jvTb0Ve+RpP1aJ0WoVLEuAtU93ZFkXxgwjKNSp5YA1u7gadB76ra/nSKDOqKbkSkHbrk34hC+ZTldPPfwZNV+MJygv7r93IQDSQEMNECcxiodzGq1K9HZOI49C8jOZagTXIpM6k/J8o8qMlt5PapooQdTyAHqUXJnv0t1atMiZROox/XzZZitgnlWmTir4mrjvvvvgBgz0JYp8maquSE8IWHvBkS5L6bQg3jQfeOIVMlide2u0779iCBbLGfKQFxZAHlzNbYyl3IirkJtltZf9KKpb+s2JLasV/cdD+lEv/fKmopKc039iKW1S1NrfybNhx83A2g73k/XbH+SLogeq7QmtcFtlfDnCkoQqBu/C7jzt7AkYxW3vB3OQqUIEAnoVZf+VwC9yQiLxeXry6vLFoBiDel3VqxHI6LLt7DHVpOiRbC8/fGSBNkWzM2/bIna0CVwOkRKINWISIUG/UvRLv+809xIhQ6vpZT3JFai/WHHKdvW9eE4yzMiPU9z1MP40FeGPbI7Fdeq+rZL8y1lRM2E/XTC3JwEpk+IK9sY9J5NPN0rUGLi0uLMHjZOP65/9yFW/frHM8DZfw==</diagram></mxfile>