<mxfile host="app.diagrams.net" modified="2021-12-29T09:12:29.285Z" agent="5.0 (X11; Linux x86_64) AppleWebKit/537.36 (KHTML, like Gecko) Chrome/96.0.4664.110 Safari/537.36" etag="tyhpwerVqJepUh2XudH4" version="16.0.0" type="device"><diagram id="C5RBs43oDa-KdzZeNtuy" name="Page-1">7Vtbd6I6FP41rnXOg12QEMFHL23n1jnO2OnlvHRFiMqUiwNY9fz6k0BASKJVK7Y9Z+yDsBMCZH/72192bAP2/OVlhGfTq9AhXgNozrIB+w0AdB1Y9ItZVpmlhfTMMIlch3daG4buP4QbNW6duw6JKx2TMPQSd1Y12mEQEDup2HAUhYtqt3HoVe86wxMiGYY29mTrresk08xqAXNt/0DcyTS/s95qZy0+zjvzN4mn2AkXJRM8b8BeFIZJduQve8Rjk5fPy+3H1a335bF1+elb/Av/6H6+/nrTzAa72OeS4hUiEiSHD426vS/ew8/ZCszvL74OPruPU36J9oS9OZ+vBmh59CbdcUjvRV86WfGZbP2ah3lDM0793KEddGu2XDfSown/TkcZ5Ybh9RUEF4Zm3lzmbfRRR2J/astunJtB5RlAFM4Dh7A30mnzYuomZDjDNmtdUPxS2zTxPd48dj2vF3phlF4LHUQsx6D2OInCR1JqscAItlrF/Z6daO6QJxIlZFmCGZ/4SxL6JIlWtAtvBSafaB5EeoufL9aQLCJmWoIjyDtiHgaTYuy1q+kB9/YengcKzwuTTQE/Y4djjyw7LBTpDJHA4Yd928Nx7NrphOIokc0lV6z9pnEIcabQrXRQ+kZ3rPEMQZQb7lnzmabB3NBf8uuzs1X5bEAil04MifJbVH0/wrblQJXvATQM5Ozte/rGE5JsmV/uN+JU6ElGSAkBuqZAQGGMiIcT96lKaypY8HsMQjeNYA5BCvIKBJEmICsO55FN+FVlHhEHalexbCBhoGxqpIFSlBYvfjhwoQTc3l9X1DAIo0SCMI3PpIpE7LmTgMGUupmhpcui2KX5osMbfNdx2OXdiFCWw6N0KAapGXuj9B1Rt4H6bKx5EsYcxxK2gjAgAhBzkwD/U7GOYciso8QcrIt0kOS7j6AHf3ut7DWkC7miLXsNndJp5lvKFEs3ueM92fF9mjQAzM/XKYKdrEonp04QGZ2+owSBWlXcgfaBCQIJCaIQ0CdKENbLNa2xk6btXp0DSyvMUW6/bgD65NoH9sqBw1LT6SSvEC8CyseWTWxbhfKRhVgir5HWBFToJtotGVmoJl7T5cXPNY4fqSXAfoaEFvbZBAejmH0NGXk9jHySeb3S9v5ymFGns5HgbKRQHpZqvVNXEtN1ydnfiU0YXQLNwQlmtYUo9OlXHtZZ8IrBLTo+ySBDXZYRPiscBHhCfJJyjRuMw8invBwGvyFSEacGqkCkWI+Ul8QtBUSMI0DE+nHTR+2n28e/vz0ZTtA9n/TJllqIxNkvSySdKwg0sJH/ValiY07Q9i6DjBH7489asmcfVW5opZ8T5gaowEJ7m/Q5OhZ2qI4cRd+uKx/lqod2VhRBNtU8ch18pumwooVNaOythetRtuUSybaA20cBqxY+6Dj61xBXy2Iu2ln/AgHNZm36VzmtcoFk0Mtd98aTT10EU1Q+cpcoKiFGTXJE6SNjY66JZzhQphY7myqWVqLJ6A8mULJ1RunoT3bIplFLE9EY+663yq4pdAujekYRU+I9EeZfqaU6iJjNKm3ZU7LGgMkcr9q84FPJ2o3sOdNGjyQUYU36qrYbTJTXM3g2OSJZMwdlpdmlRBrw4bXSo6WNSYSDmGmvfPiAFB0WYeRU716+fITtx0lK001hzoFhFXMNjPb6GJVm3nHjmYf5rLuB55ZuPPZCnJQfSJQGuyxAOlc0QZblQwaZDVKBx/ke68ZTLgyAahWoSvXHqG41Z+Y1iqdf8Ofx6Ocgvjf9i8kuqm9IrVoPR2wp74fO3COKNT+DGwVp2se1o5B+s+vEfhBcjpSLin1E3wF7X5hYY+XCv2VbZDSu0eW6cWZRcV98AKwgQFXe1IFK7NUGAXlpuJvYK013rse4csvV2FYldrjq2gbkN6KmmuhMN9rrj2lWE/Ch4soU0VQFk7hdejyppZxzeZlA6Uy7eYNiq67ottpb/aGo+8CadJbSQbIWPlJob99w+E+H9jOEDkWePk5oQ7HuU3Noywr98mv/fxTYz3gDnm4BpXSPvJMs+aa2TcmiaNPUyj9P4XuRxjOlm03luM1ltw2bnmgrBSl/FVMPL72738I0Cy35UjnSNAWdY1XG3XXrk4IPr0rdOBXUQGstKW6Gg49y7Lw+r52wOqRbLI5LH2GFYr4y16k2tPcUMQKBKQllBz7JSU/XhXI1OuhHevXTkbJf+23JKaEkAvUDuUj8uRewrJMqprYE097wYdh/6HW+v0XhdEKCkTxj7Pjbh2NQytJfPPbxdNW5s7x4sLr+ZBpDRdULnsFs6ap1MavOrmSO8Tx3FpO9a08v3nCUJnpXH20XtxWXGLpM8uoylBieR/PJEcpQaprfpyi1aUPShPrhDC8w7WGUvw3HuynQ12L4Yjs7x9qhv6yDQqowdlwTb5aXG1ISrAZHft81urMRD00fSlfKtbSbbuf6PSWO4/OUmDhU+5Yq4NaWN161nlYzjbyeANxaakFikO/KFmIUo/r+UUM5qe+rgnb84NWNrctKVF8JjZ6u/y0xc+f6nzvh+b8=</diagram></mxfile>